{
  "originHash" : "337a6560899f7e7a05499ff5aeb63e0f0fd56579b2588c59d96ea804fc071886",
  "pins" : [
    {
      "identity" : "commander",
      "kind" : "remoteSourceControl",
      "location" : "https://github.com/steipete/Commander",
      "state" : {
        "revision" : "9e349575c8e3c6745e81fe19e5bb5efa01b078ce",
        "version" : "0.2.1"
      }
    },
    {
      "identity" : "sweetcookiekit",
      "kind" : "remoteSourceControl",
      "location" : "https://github.com/steipete/SweetCookieKit",
      "state" : {
        "revision" : "4d5b71ffbb296937dc5ee8472f64721bca771cf0",
        "version" : "0.4.0"
      }
    },
    {
      "identity" : "swift-log",
      "kind" : "remoteSourceControl",
      "location" : "https://github.com/apple/swift-log",
      "state" : {
        "revision" : "5073617dac96330a486245e4c0179cb0a6fd2256",
        "version" : "1.12.0"
      }
    },
    {
      "identity" : "swift-syntax",
      "kind" : "remoteSourceControl",
      "location" : "https://github.com/apple/swift-syntax",
      "state" : {
        "revision" : "0687f71944021d616d34d922343dcef086855920",
        "version" : "600.0.1"
      }
    }
  ],
  "version" : 3
}
